
Microsoft Visual Studio Solution File, Format Version 12.00
# Visual Studio Version 17
VisualStudioVersion = 17.0.31903.59
MinimumVisualStudioVersion = 10.0.40219.1
Project("{FAE04EC0-301F-11D3-BF4B-00C04F79EFBC}") = "makepl15greatagain.Server", "Server\makepl15greatagain.csproj", "{0BD9C4EE-5EF3-424F-9B20-E0F842E55094}"
EndProject
Global
	GlobalSection(SolutionConfigurationPlatforms) = preSolution
		Debug|Any CPU = Debug|Any CPU
		Release|Any CPU = Release|Any CPU
	EndGlobalSection
	GlobalSection(ProjectConfigurationPlatforms) = postSolution
		{0BD9C4EE-5EF3-424F-9B20-E0F842E55094}.Debug|Any CPU.ActiveCfg = Debug|Any CPU
		{0BD9C4EE-5EF3-424F-9B20-E0F842E55094}.Debug|Any CPU.Build.0 = Debug|Any CPU
		{0BD9C4EE-5EF3-424F-9B20-E0F842E55094}.Release|Any CPU.ActiveCfg = Release|Any CPU
		{0BD9C4EE-5EF3-424F-9B20-E0F842E55094}.Release|Any CPU.Build.0 = Release|Any CPU
	EndGlobalSection
EndGlobal
